# THIS IS AN AUTOGENERATED FILE. DO NOT EDIT THIS FILE DIRECTLY.
# yarn lockfile v1


math@^0.0.3:
  version "0.0.3"
  resolved "https://registry.yarnpkg.com/math/-/math-0.0.3.tgz#85b020fd54ce10b26abeabfcd7e1f4bdbc46470f"

underscore@^1.9.1:
  version "1.9.1"
  resolved "https://registry.yarnpkg.com/underscore/-/underscore-1.9.1.tgz#06dce34a0e68a7babc29b365b8e74b8925203961"
